
Microsoft Visual Studio Solution File, Format Version 12.00
# Visual Studio 2012
Project("{FAE04EC0-301F-11D3-BF4B-00C04F79EFBC}") = "Land_of_Tanks", "Land_of_Tanks\Land_of_Tanks.csproj", "{66A53245-5A92-441F-8A0B-96811AEDEBCA}"
EndProject
Global
	GlobalSection(SolutionConfigurationPlatforms) = preSolution
		Debug|Any CPU = Debug|Any CPU
		Release|Any CPU = Release|Any CPU
	EndGlobalSection
	GlobalSection(ProjectConfigurationPlatforms) = postSolution
		{66A53245-5A92-441F-8A0B-96811AEDEBCA}.Debug|Any CPU.ActiveCfg = Debug|Any CPU
		{66A53245-5A92-441F-8A0B-96811AEDEBCA}.Debug|Any CPU.Build.0 = Debug|Any CPU
		{66A53245-5A92-441F-8A0B-96811AEDEBCA}.Release|Any CPU.ActiveCfg = Release|Any CPU
		{66A53245-5A92-441F-8A0B-96811AEDEBCA}.Release|Any CPU.Build.0 = Release|Any CPU
	EndGlobalSection
	GlobalSection(SolutionProperties) = preSolution
		HideSolutionNode = FALSE
	EndGlobalSection
EndGlobal
